// !$*UTF8*$!
{
	archiveVersion = 1;
	classes = {
	};
	objectVersion = 50;
	objects = {

/* Begin PBXBuildFile section */
		9200375924E6AFE2000FF38C /* AppDelegate.swift in Sources */ = {isa = PBXBuildFile; fileRef = 9200375824E6AFE2000FF38C /* AppDelegate.swift */; };
		9200375B24E6AFE2000FF38C /* SceneDelegate.swift in Sources */ = {isa = PBXBuildFile; fileRef = 9200375A24E6AFE2000FF38C /* SceneDelegate.swift */; };
		9200375D24E6AFE2000FF38C /* ViewController.swift in Sources */ = {isa = PBXBuildFile; fileRef = 9200375C24E6AFE2000FF38C /* ViewController.swift */; };
		9200376024E6AFE2000FF38C /* Main.storyboard in Resources */ = {isa = PBXBuildFile; fileRef = 9200375E24E6AFE2000FF38C /* Main.storyboard */; };
		9200376224E6AFE3000FF38C /* Assets.xcassets in Resources */ = {isa = PBXBuildFile; fileRef = 9200376124E6AFE3000FF38C /* Assets.xcassets */; };
		9200376524E6AFE3000FF38C /* LaunchScreen.storyboard in Resources */ = {isa = PBXBuildFile; fileRef = 9200376324E6AFE3000FF38C /* LaunchScreen.storyboard */; };
		9200377024E6AFE3000FF38C /* SmarpTestTests.swift in Sources */ = {isa = PBXBuildFile; fileRef = 9200376F24E6AFE3000FF38C /* SmarpTestTests.swift */; };
/* End PBXBuildFile section */

/* Begin PBXContainerItemProxy section */
		9200376C24E6AFE3000FF38C /* PBXContainerItemProxy */ = {
			isa = PBXContainerItemProxy;
			containerPortal = 9200374D24E6AFE2000FF38C /* Project object */;
			proxyType = 1;
			remoteGlobalIDString = 9200375424E6AFE2000FF38C;
			remoteInfo = SmarpTest;
		};
/* End PBXContainerItemProxy section */

/* Begin PBXFileReference section */
		9200375524E6AFE2000FF38C /* SmarpTest.app */ = {isa = PBXFileReference; explicitFileType = wrapper.application; includeInIndex = 0; path = SmarpTest.app; sourceTree = BUILT_PRODUCTS_DIR; };
		9200375824E6AFE2000FF38C /* AppDelegate.swift */ = {isa = PBXFileReference; lastKnownFileType = sourcecode.swift; path = AppDelegate.swift; sourceTree = "<group>"; };
		9200375A24E6AFE2000FF38C /* SceneDelegate.swift */ = {isa = PBXFileReference; lastKnownFileType = sourcecode.swift; path = SceneDelegate.swift; sourceTree = "<group>"; };
		9200375C24E6AFE2000FF38C /* ViewController.swift */ = {isa = PBXFileReference; lastKnownFileType = sourcecode.swift; path = ViewController.swift; sourceTree = "<group>"; };
		9200375F24E6AFE2000FF38C /* Base */ = {isa = PBXFileReference; lastKnownFileType = file.storyboard; name = Base; path = Base.lproj/Main.storyboard; sourceTree = "<group>"; };
		9200376124E6AFE3000FF38C /* Assets.xcassets */ = {isa = PBXFileReference; lastKnownFileType = folder.assetcatalog; path = Assets.xcassets; sourceTree = "<group>"; };
		9200376424E6AFE3000FF38C /* Base */ = {isa = PBXFileReference; lastKnownFileType = file.storyboard; name = Base; path = Base.lproj/LaunchScreen.storyboard; sourceTree = "<group>"; };
		9200376624E6AFE3000FF38C /* Info.plist */ = {isa = PBXFileReference; lastKnownFileType = text.plist.xml; path = Info.plist; sourceTree = "<group>"; };
		9200376B24E6AFE3000FF38C /* SmarpTestTests.xctest */ = {isa = PBXFileReference; explicitFileType = wrapper.cfbundle; includeInIndex = 0; path = SmarpTestTests.xctest; sourceTree = BUILT_PRODUCTS_DIR; };
		9200376F24E6AFE3000FF38C /* SmarpTestTests.swift */ = {isa = PBXFileReference; lastKnownFileType = sourcecode.swift; path = SmarpTestTests.swift; sourceTree = "<group>"; };
		9200377124E6AFE3000FF38C /* Info.plist */ = {isa = PBXFileReference; lastKnownFileType = text.plist.xml; path = Info.plist; sourceTree = "<group>"; };
/* End PBXFileReference section */

/* Begin PBXFrameworksBuildPhase section */
		9200375224E6AFE2000FF38C /* Frameworks */ = {
			isa = PBXFrameworksBuildPhase;
			buildActionMask = 2147483647;
			files = (
			);
			runOnlyForDeploymentPostprocessing = 0;
		};
		9200376824E6AFE3000FF38C /* Frameworks */ = {
			isa = PBXFrameworksBuildPhase;
			buildActionMask = 2147483647;
			files = (
			);
			runOnlyForDeploymentPostprocessing = 0;
		};
/* End PBXFrameworksBuildPhase section */

/* Begin PBXGroup section */
		9200374C24E6AFE2000FF38C = {
			isa = PBXGroup;
			children = (
				9200375724E6AFE2000FF38C /* SmarpTest */,
				9200376E24E6AFE3000FF38C /* SmarpTestTests */,
				9200375624E6AFE2000FF38C /* Products */,
			);
			sourceTree = "<group>";
		};
		9200375624E6AFE2000FF38C /* Products */ = {
			isa = PBXGroup;
			children = (
				9200375524E6AFE2000FF38C /* SmarpTest.app */,
				9200376B24E6AFE3000FF38C /* SmarpTestTests.xctest */,
			);
			name = Products;
			sourceTree = "<group>";
		};
		9200375724E6AFE2000FF38C /* SmarpTest */ = {
			isa = PBXGroup;
			children = (
				9200375824E6AFE2000FF38C /* AppDelegate.swift */,
				9200375A24E6AFE2000FF38C /* SceneDelegate.swift */,
				9200375C24E6AFE2000FF38C /* ViewController.swift */,
				9200375E24E6AFE2000FF38C /* Main.storyboard */,
				9200376124E6AFE3000FF38C /* Assets.xcassets */,
				9200376324E6AFE3000FF38C /* LaunchScreen.storyboard */,
				9200376624E6AFE3000FF38C /* Info.plist */,
			);
			path = SmarpTest;
			sourceTree = "<group>";
		};
		9200376E24E6AFE3000FF38C /* SmarpTestTests */ = {
			isa = PBXGroup;
			children = (
				9200376F24E6AFE3000FF38C /* SmarpTestTests.swift */,
				9200377124E6AFE3000FF38C /* Info.plist */,
			);
			path = SmarpTestTests;
			sourceTree = "<group>";
		};
/* End PBXGroup section */

/* Begin PBXNativeTarget section */
		9200375424E6AFE2000FF38C /* SmarpTest */ = {
			isa = PBXNativeTarget;
			buildConfigurationList = 9200377424E6AFE3000FF38C /* Build configuration list for PBXNativeTarget "SmarpTest" */;
			buildPhases = (
				9200375124E6AFE2000FF38C /* Sources */,
				9200375224E6AFE2000FF38C /* Frameworks */,
				9200375324E6AFE2000FF38C /* Resources */,
			);
			buildRules = (
			);
			dependencies = (
			);
			name = SmarpTest;
			productName = SmarpTest;
			productReference = 9200375524E6AFE2000FF38C /* SmarpTest.app */;
			productType = "com.apple.product-type.application";
		};
		9200376A24E6AFE3000FF38C /* SmarpTestTests */ = {
			isa = PBXNativeTarget;
			buildConfigurationList = 9200377724E6AFE3000FF38C /* Build configuration list for PBXNativeTarget "SmarpTestTests" */;
			buildPhases = (
				9200376724E6AFE3000FF38C /* Sources */,
				9200376824E6AFE3000FF38C /* Frameworks */,
				9200376924E6AFE3000FF38C /* Resources */,
			);
			buildRules = (
			);
			dependencies = (
				9200376D24E6AFE3000FF38C /* PBXTargetDependency */,
			);
			name = SmarpTestTests;
			productName = SmarpTestTests;
			productReference = 9200376B24E6AFE3000FF38C /* SmarpTestTests.xctest */;
			productType = "com.apple.product-type.bundle.unit-test";
		};
/* End PBXNativeTarget section */

/* Begin PBXProject section */
		9200374D24E6AFE2000FF38C /* Project object */ = {
			isa = PBXProject;
			attributes = {
				LastSwiftUpdateCheck = 1160;
				LastUpgradeCheck = 1160;
				ORGANIZATIONNAME = "Ankur Arya";
				TargetAttributes = {
					9200375424E6AFE2000FF38C = {
						CreatedOnToolsVersion = 11.6;
					};
					9200376A24E6AFE3000FF38C = {
						CreatedOnToolsVersion = 11.6;
						TestTargetID = 9200375424E6AFE2000FF38C;
					};
				};
			};
			buildConfigurationList = 9200375024E6AFE2000FF38C /* Build configuration list for PBXProject "SmarpTest" */;
			compatibilityVersion = "Xcode 9.3";
			developmentRegion = en;
			hasScannedForEncodings = 0;
			knownRegions = (
				en,
				Base,
			);
			mainGroup = 9200374C24E6AFE2000FF38C;
			productRefGroup = 9200375624E6AFE2000FF38C /* Products */;
			projectDirPath = "";
			projectRoot = "";
			targets = (
				9200375424E6AFE2000FF38C /* SmarpTest */,
				9200376A24E6AFE3000FF38C /* SmarpTestTests */,
			);
		};
/* End PBXProject section */

/* Begin PBXResourcesBuildPhase section */
		9200375324E6AFE2000FF38C /* Resources */ = {
			isa = PBXResourcesBuildPhase;
			buildActionMask = 2147483647;
			files = (
				9200376524E6AFE3000FF38C /* LaunchScreen.storyboard in Resources */,
				9200376224E6AFE3000FF38C /* Assets.xcassets in Resources */,
				9200376024E6AFE2000FF38C /* Main.storyboard in Resources */,
			);
			runOnlyForDeploymentPostprocessing = 0;
		};
		9200376924E6AFE3000FF38C /* Resources */ = {
			isa = PBXResourcesBuildPhase;
			buildActionMask = 2147483647;
			files = (
			);
			runOnlyForDeploymentPostprocessing = 0;
		};
/* End PBXResourcesBuildPhase section */

/* Begin PBXSourcesBuildPhase section */
		9200375124E6AFE2000FF38C /* Sources */ = {
			isa = PBXSourcesBuildPhase;
			buildActionMask = 2147483647;
			files = (
				9200375D24E6AFE2000FF38C /* ViewController.swift in Sources */,
				9200375924E6AFE2000FF38C /* AppDelegate.swift in Sources */,
				9200375B24E6AFE2000FF38C /* SceneDelegate.swift in Sources */,
			);
			runOnlyForDeploymentPostprocessing = 0;
		};
		9200376724E6AFE3000FF38C /* Sources */ = {
			isa = PBXSourcesBuildPhase;
			buildActionMask = 2147483647;
			files = (
				9200377024E6AFE3000FF38C /* SmarpTestTests.swift in Sources */,
			);
			runOnlyForDeploymentPostprocessing = 0;
		};
/* End PBXSourcesBuildPhase section */

/* Begin PBXTargetDependency section */
		9200376D24E6AFE3000FF38C /* PBXTargetDependency */ = {
			isa = PBXTargetDependency;
			target = 9200375424E6AFE2000FF38C /* SmarpTest */;
			targetProxy = 9200376C24E6AFE3000FF38C /* PBXContainerItemProxy */;
		};
/* End PBXTargetDependency section */

/* Begin PBXVariantGroup section */
		9200375E24E6AFE2000FF38C /* Main.storyboard */ = {
			isa = PBXVariantGroup;
			children = (
				9200375F24E6AFE2000FF38C /* Base */,
			);
			name = Main.storyboard;
			sourceTree = "<group>";
		};
		9200376324E6AFE3000FF38C /* LaunchScreen.storyboard */ = {
			isa = PBXVariantGroup;
			children = (
				9200376424E6AFE3000FF38C /* Base */,
			);
			name = LaunchScreen.storyboard;
			sourceTree = "<group>";
		};
/* End PBXVariantGroup section */

/* Begin XCBuildConfiguration section */
		9200377224E6AFE3000FF38C /* Debug */ = {
			isa = XCBuildConfiguration;
			buildSettings = {
				ALWAYS_SEARCH_USER_PATHS = NO;
				CLANG_ANALYZER_NONNULL = YES;
				CLANG_ANALYZER_NUMBER_OBJECT_CONVERSION = YES_AGGRESSIVE;
				CLANG_CXX_LANGUAGE_STANDARD = "gnu++14";
				CLANG_CXX_LIBRARY = "libc++";
				CLANG_ENABLE_MODULES = YES;
				CLANG_ENABLE_OBJC_ARC = YES;
				CLANG_ENABLE_OBJC_WEAK = YES;
				CLANG_WARN_BLOCK_CAPTURE_AUTORELEASING = YES;
				CLANG_WARN_BOOL_CONVERSION = YES;
				CLANG_WARN_COMMA = YES;
				CLANG_WARN_CONSTANT_CONVERSION = YES;
				CLANG_WARN_DEPRECATED_OBJC_IMPLEMENTATIONS = YES;
				CLANG_WARN_DIRECT_OBJC_ISA_USAGE = YES_ERROR;
				CLANG_WARN_DOCUMENTATION_COMMENTS = YES;
				CLANG_WARN_EMPTY_BODY = YES;
				CLANG_WARN_ENUM_CONVERSION = YES;
				CLANG_WARN_INFINITE_RECURSION = YES;
				CLANG_WARN_INT_CONVERSION = YES;
				CLANG_WARN_NON_LITERAL_NULL_CONVERSION = YES;
				CLANG_WARN_OBJC_IMPLICIT_RETAIN_SELF = YES;
				CLANG_WARN_OBJC_LITERAL_CONVERSION = YES;
				CLANG_WARN_OBJC_ROOT_CLASS = YES_ERROR;
				CLANG_WARN_RANGE_LOOP_ANALYSIS = YES;
				CLANG_WARN_STRICT_PROTOTYPES = YES;
				CLANG_WARN_SUSPICIOUS_MOVE = YES;
				CLANG_WARN_UNGUARDED_AVAILABILITY = YES_AGGRESSIVE;
				CLANG_WARN_UNREACHABLE_CODE = YES;
				CLANG_WARN__DUPLICATE_METHOD_MATCH = YES;
				COPY_PHASE_STRIP = NO;
				DEBUG_INFORMATION_FORMAT = dwarf;
				ENABLE_STRICT_OBJC_MSGSEND = YES;
				ENABLE_TESTABILITY = YES;
				GCC_C_LANGUAGE_STANDARD = gnu11;
				GCC_DYNAMIC_NO_PIC = NO;
				GCC_NO_COMMON_BLOCKS = YES;
				GCC_OPTIMIZATION_LEVEL = 0;
				GCC_PREPROCESSOR_DEFINITIONS = (
					"DEBUG=1",
					"$(inherited)",
				);
				GCC_WARN_64_TO_32_BIT_CONVERSION = YES;
				GCC_WARN_ABOUT_RETURN_TYPE = YES_ERROR;
				GCC_WARN_UNDECLARED_SELECTOR = YES;
				GCC_WARN_UNINITIALIZED_AUTOS = YES_AGGRESSIVE;
				GCC_WARN_UNUSED_FUNCTION = YES;
				GCC_WARN_UNUSED_VARIABLE = YES;
				IPHONEOS_DEPLOYMENT_TARGET = 13.6;
				MTL_ENABLE_DEBUG_INFO = INCLUDE_SOURCE;
				MTL_FAST_MATH = YES;
				ONLY_ACTIVE_ARCH = YES;
				SDKROOT = iphoneos;
				SWIFT_ACTIVE_COMPILATION_CONDITIONS = DEBUG;
				SWIFT_OPTIMIZATION_LEVEL = "-Onone";
			};
			name = Debug;
		};
		9200377324E6AFE3000FF38C /* Release */ = {
			isa = XCBuildConfiguration;
			buildSettings = {
				ALWAYS_SEARCH_USER_PATHS = NO;
				CLANG_ANALYZER_NONNULL = YES;
				CLANG_ANALYZER_NUMBER_OBJECT_CONVERSION = YES_AGGRESSIVE;
				CLANG_CXX_LANGUAGE_STANDARD = "gnu++14";
				CLANG_CXX_LIBRARY = "libc++";
				CLANG_ENABLE_MODULES = YES;
				CLANG_ENABLE_OBJC_ARC = YES;
				CLANG_ENABLE_OBJC_WEAK = YES;
				CLANG_WARN_BLOCK_CAPTURE_AUTORELEASING = YES;
				CLANG_WARN_BOOL_CONVERSION = YES;
				CLANG_WARN_COMMA = YES;
				CLANG_WARN_CONSTANT_CONVERSION = YES;
				CLANG_WARN_DEPRECATED_OBJC_IMPLEMENTATIONS = YES;
				CLANG_WARN_DIRECT_OBJC_ISA_USAGE = YES_ERROR;
				CLANG_WARN_DOCUMENTATION_COMMENTS = YES;
				CLANG_WARN_EMPTY_BODY = YES;
				CLANG_WARN_ENUM_CONVERSION = YES;
				CLANG_WARN_INFINITE_RECURSION = YES;
				CLANG_WARN_INT_CONVERSION = YES;
				CLANG_WARN_NON_LITERAL_NULL_CONVERSION = YES;
				CLANG_WARN_OBJC_IMPLICIT_RETAIN_SELF = YES;
				CLANG_WARN_OBJC_LITERAL_CONVERSION = YES;
				CLANG_WARN_OBJC_ROOT_CLASS = YES_ERROR;
				CLANG_WARN_RANGE_LOOP_ANALYSIS = YES;
				CLANG_WARN_STRICT_PROTOTYPES = YES;
				CLANG_WARN_SUSPICIOUS_MOVE = YES;
				CLANG_WARN_UNGUARDED_AVAILABILITY = YES_AGGRESSIVE;
				CLANG_WARN_UNREACHABLE_CODE = YES;
				CLANG_WARN__DUPLICATE_METHOD_MATCH = YES;
				COPY_PHASE_STRIP = NO;
				DEBUG_INFORMATION_FORMAT = "dwarf-with-dsym";
				ENABLE_NS_ASSERTIONS = NO;
				ENABLE_STRICT_OBJC_MSGSEND = YES;
				GCC_C_LANGUAGE_STANDARD = gnu11;
				GCC_NO_COMMON_BLOCKS = YES;
				GCC_WARN_64_TO_32_BIT_CONVERSION = YES;
				GCC_WARN_ABOUT_RETURN_TYPE = YES_ERROR;
				GCC_WARN_UNDECLARED_SELECTOR = YES;
				GCC_WARN_UNINITIALIZED_AUTOS = YES_AGGRESSIVE;
				GCC_WARN_UNUSED_FUNCTION = YES;
				GCC_WARN_UNUSED_VARIABLE = YES;
				IPHONEOS_DEPLOYMENT_TARGET = 13.6;
				MTL_ENABLE_DEBUG_INFO = NO;
				MTL_FAST_MATH = YES;
				SDKROOT = iphoneos;
				SWIFT_COMPILATION_MODE = wholemodule;
				SWIFT_OPTIMIZATION_LEVEL = "-O";
				VALIDATE_PRODUCT = YES;
			};
			name = Release;
		};
		9200377524E6AFE3000FF38C /* Debug */ = {
			isa = XCBuildConfiguration;
			buildSettings = {
				ASSETCATALOG_COMPILER_APPICON_NAME = AppIcon;
				CODE_SIGN_STYLE = Automatic;
				INFOPLIST_FILE = SmarpTest/Info.plist;
				LD_RUNPATH_SEARCH_PATHS = (
					"$(inherited)",
					"@executable_path/Frameworks",
				);
				PRODUCT_BUNDLE_IDENTIFIER = com.aryacorp.SmarpTest;
				PRODUCT_NAME = "$(TARGET_NAME)";
				SWIFT_VERSION = 5.0;
				TARGETED_DEVICE_FAMILY = "1,2";
			};
			name = Debug;
		};
		9200377624E6AFE3000FF38C /* Release */ = {
			isa = XCBuildConfiguration;
			buildSettings = {
				ASSETCATALOG_COMPILER_APPICON_NAME = AppIcon;
				CODE_SIGN_STYLE = Automatic;
				INFOPLIST_FILE = SmarpTest/Info.plist;
				LD_RUNPATH_SEARCH_PATHS = (
					"$(inherited)",
					"@executable_path/Frameworks",
				);
				PRODUCT_BUNDLE_IDENTIFIER = com.aryacorp.SmarpTest;
				PRODUCT_NAME = "$(TARGET_NAME)";
				SWIFT_VERSION = 5.0;
				TARGETED_DEVICE_FAMILY = "1,2";
			};
			name = Release;
		};
		9200377824E6AFE3000FF38C /* Debug */ = {
			isa = XCBuildConfiguration;
			buildSettings = {
				ALWAYS_EMBED_SWIFT_STANDARD_LIBRARIES = YES;
				BUNDLE_LOADER = "$(TEST_HOST)";
				CODE_SIGN_STYLE = Automatic;
				INFOPLIST_FILE = SmarpTestTests/Info.plist;
				IPHONEOS_DEPLOYMENT_TARGET = 13.6;
				LD_RUNPATH_SEARCH_PATHS = (
					"$(inherited)",
					"@executable_path/Frameworks",
					"@loader_path/Frameworks",
				);
				PRODUCT_BUNDLE_IDENTIFIER = com.aryacorp.SmarpTestTests;
				PRODUCT_NAME = "$(TARGET_NAME)";
				SWIFT_VERSION = 5.0;
				TARGETED_DEVICE_FAMILY = "1,2";
				TEST_HOST = "$(BUILT_PRODUCTS_DIR)/SmarpTest.app/SmarpTest";
			};
			name = Debug;
		};
		9200377924E6AFE3000FF38C /* Release */ = {
			isa = XCBuildConfiguration;
			buildSettings = {
				ALWAYS_EMBED_SWIFT_STANDARD_LIBRARIES = YES;
				BUNDLE_LOADER = "$(TEST_HOST)";
				CODE_SIGN_STYLE = Automatic;
				INFOPLIST_FILE = SmarpTestTests/Info.plist;
				IPHONEOS_DEPLOYMENT_TARGET = 13.6;
				LD_RUNPATH_SEARCH_PATHS = (
					"$(inherited)",
					"@executable_path/Frameworks",
					"@loader_path/Frameworks",
				);
				PRODUCT_BUNDLE_IDENTIFIER = com.aryacorp.SmarpTestTests;
				PRODUCT_NAME = "$(TARGET_NAME)";
				SWIFT_VERSION = 5.0;
				TARGETED_DEVICE_FAMILY = "1,2";
				TEST_HOST = "$(BUILT_PRODUCTS_DIR)/SmarpTest.app/SmarpTest";
			};
			name = Release;
		};
/* End XCBuildConfiguration section */

/* Begin XCConfigurationList section */
		9200375024E6AFE2000FF38C /* Build configuration list for PBXProject "SmarpTest" */ = {
			isa = XCConfigurationList;
			buildConfigurations = (
				9200377224E6AFE3000FF38C /* Debug */,
				9200377324E6AFE3000FF38C /* Release */,
			);
			defaultConfigurationIsVisible = 0;
			defaultConfigurationName = Release;
		};
		9200377424E6AFE3000FF38C /* Build configuration list for PBXNativeTarget "SmarpTest" */ = {
			isa = XCConfigurationList;
			buildConfigurations = (
				9200377524E6AFE3000FF38C /* Debug */,
				9200377624E6AFE3000FF38C /* Release */,
			);
			defaultConfigurationIsVisible = 0;
			defaultConfigurationName = Release;
		};
		9200377724E6AFE3000FF38C /* Build configuration list for PBXNativeTarget "SmarpTestTests" */ = {
			isa = XCConfigurationList;
			buildConfigurations = (
				9200377824E6AFE3000FF38C /* Debug */,
				9200377924E6AFE3000FF38C /* Release */,
			);
			defaultConfigurationIsVisible = 0;
			defaultConfigurationName = Release;
		};
/* End XCConfigurationList section */
	};
	rootObject = 9200374D24E6AFE2000FF38C /* Project object */;
}
